// !$*UTF8*$!
{
	archiveVersion = 1;
	classes = {
	};
	objectVersion = 48;
	objects = {

/* Begin PBXBuildFile section */
		5AAC040022AE2B8F00A6BA80 /* RealmSwift.framework in Frameworks */ = {isa = PBXBuildFile; fileRef = 5AAC03FE22AE2B8F00A6BA80 /* RealmSwift.framework */; };
		5AAC040122AE2B8F00A6BA80 /* RealmSwift.framework in Embed Frameworks */ = {isa = PBXBuildFile; fileRef = 5AAC03FE22AE2B8F00A6BA80 /* RealmSwift.framework */; settings = {ATTRIBUTES = (CodeSignOnCopy, RemoveHeadersOnCopy, ); }; };
		5AAC040222AE2B8F00A6BA80 /* Realm.framework in Frameworks */ = {isa = PBXBuildFile; fileRef = 5AAC03FF22AE2B8F00A6BA80 /* Realm.framework */; };
		5AAC040322AE2B8F00A6BA80 /* Realm.framework in Embed Frameworks */ = {isa = PBXBuildFile; fileRef = 5AAC03FF22AE2B8F00A6BA80 /* Realm.framework */; settings = {ATTRIBUTES = (CodeSignOnCopy, RemoveHeadersOnCopy, ); }; };
		5AAC040622AE2F8600A6BA80 /* GojekContactsAppUITests.swift in Sources */ = {isa = PBXBuildFile; fileRef = 5AAC040522AE2F8600A6BA80 /* GojekContactsAppUITests.swift */; };
		5AAC040822AE355700A6BA80 /* PureLayout.framework in Frameworks */ = {isa = PBXBuildFile; fileRef = 5AAC040722AE355700A6BA80 /* PureLayout.framework */; };
		5AAC040922AE355700A6BA80 /* PureLayout.framework in Embed Frameworks */ = {isa = PBXBuildFile; fileRef = 5AAC040722AE355700A6BA80 /* PureLayout.framework */; settings = {ATTRIBUTES = (CodeSignOnCopy, RemoveHeadersOnCopy, ); }; };
		AFA800DB22B1076200552DDC /* NavigationBarButtonItem.swift in Sources */ = {isa = PBXBuildFile; fileRef = AFA800DA22B1076200552DDC /* NavigationBarButtonItem.swift */; };
		B80AA45B1FC4619500286B80 /* HTTPManager.swift in Sources */ = {isa = PBXBuildFile; fileRef = B80AA45A1FC4619500286B80 /* HTTPManager.swift */; };
		B80AA46F1FC4710100286B80 /* ContactManager.swift in Sources */ = {isa = PBXBuildFile; fileRef = B80AA46E1FC4710100286B80 /* ContactManager.swift */; };
		B835F8B31FCA02D1005641B2 /* DSCameraHandler.swift in Sources */ = {isa = PBXBuildFile; fileRef = B835F8B21FCA02D1005641B2 /* DSCameraHandler.swift */; };
		B835F8B51FCA10B9005641B2 /* ContactDetailsTableCellView.swift in Sources */ = {isa = PBXBuildFile; fileRef = B835F8B41FCA10B9005641B2 /* ContactDetailsTableCellView.swift */; };
		B835F8B91FCA10F6005641B2 /* ContactDetailsIconButton.swift in Sources */ = {isa = PBXBuildFile; fileRef = B835F8B81FCA10F6005641B2 /* ContactDetailsIconButton.swift */; };
		B835F8BB1FCA140A005641B2 /* DownloadContactsTest.swift in Sources */ = {isa = PBXBuildFile; fileRef = B835F8BA1FCA140A005641B2 /* DownloadContactsTest.swift */; };
		B835F8BD1FCB0F05005641B2 /* ContactDetailTest.swift in Sources */ = {isa = PBXBuildFile; fileRef = B835F8BC1FCB0F05005641B2 /* ContactDetailTest.swift */; };
		B838D3221FC4326000A7FCE9 /* AppDelegate.swift in Sources */ = {isa = PBXBuildFile; fileRef = B838D3211FC4326000A7FCE9 /* AppDelegate.swift */; };
		B838D3241FC4326000A7FCE9 /* ViewController.swift in Sources */ = {isa = PBXBuildFile; fileRef = B838D3231FC4326000A7FCE9 /* ViewController.swift */; };
		B838D3271FC4326000A7FCE9 /* Main.storyboard in Resources */ = {isa = PBXBuildFile; fileRef = B838D3251FC4326000A7FCE9 /* Main.storyboard */; };
		B838D3291FC4326000A7FCE9 /* Assets.xcassets in Resources */ = {isa = PBXBuildFile; fileRef = B838D3281FC4326000A7FCE9 /* Assets.xcassets */; };
		B838D32C1FC4326000A7FCE9 /* LaunchScreen.storyboard in Resources */ = {isa = PBXBuildFile; fileRef = B838D32A1FC4326000A7FCE9 /* LaunchScreen.storyboard */; };
		B838D36F1FC4432B00A7FCE9 /* Contact.swift in Sources */ = {isa = PBXBuildFile; fileRef = B838D36E1FC4432B00A7FCE9 /* Contact.swift */; };
		B89FD29D1FC6CB590092D8B6 /* ContactDetailViewController.swift in Sources */ = {isa = PBXBuildFile; fileRef = B89FD29C1FC6CB590092D8B6 /* ContactDetailViewController.swift */; };
		B8D001941FC56DCC00D2516A /* ContactsViewController.swift in Sources */ = {isa = PBXBuildFile; fileRef = B8D001931FC56DCC00D2516A /* ContactsViewController.swift */; };
		B8D001961FC5E7CA00D2516A /* ContactTableCellView.swift in Sources */ = {isa = PBXBuildFile; fileRef = B8D001951FC5E7CA00D2516A /* ContactTableCellView.swift */; };
/* End PBXBuildFile section */

/* Begin PBXContainerItemProxy section */
		B838D3331FC4326000A7FCE9 /* PBXContainerItemProxy */ = {
			isa = PBXContainerItemProxy;
			containerPortal = B838D3161FC4326000A7FCE9 /* Project object */;
			proxyType = 1;
			remoteGlobalIDString = B838D31D1FC4326000A7FCE9;
			remoteInfo = GojekContactsApp;
		};
		B838D33E1FC4326000A7FCE9 /* PBXContainerItemProxy */ = {
			isa = PBXContainerItemProxy;
			containerPortal = B838D3161FC4326000A7FCE9 /* Project object */;
			proxyType = 1;
			remoteGlobalIDString = B838D31D1FC4326000A7FCE9;
			remoteInfo = GojekContactsApp;
		};
/* End PBXContainerItemProxy section */

/* Begin PBXCopyFilesBuildPhase section */
		5AAC040422AE2B8F00A6BA80 /* Embed Frameworks */ = {
			isa = PBXCopyFilesBuildPhase;
			buildActionMask = 2147483647;
			dstPath = "";
			dstSubfolderSpec = 10;
			files = (
				5AAC040322AE2B8F00A6BA80 /* Realm.framework in Embed Frameworks */,
				5AAC040922AE355700A6BA80 /* PureLayout.framework in Embed Frameworks */,
				5AAC040122AE2B8F00A6BA80 /* RealmSwift.framework in Embed Frameworks */,
			);
			name = "Embed Frameworks";
			runOnlyForDeploymentPostprocessing = 0;
		};
/* End PBXCopyFilesBuildPhase section */

/* Begin PBXFileReference section */
		5AAC03FE22AE2B8F00A6BA80 /* RealmSwift.framework */ = {isa = PBXFileReference; lastKnownFileType = wrapper.framework; name = RealmSwift.framework; path = Carthage/Build/iOS/RealmSwift.framework; sourceTree = "<group>"; };
		5AAC03FF22AE2B8F00A6BA80 /* Realm.framework */ = {isa = PBXFileReference; lastKnownFileType = wrapper.framework; name = Realm.framework; path = Carthage/Build/iOS/Realm.framework; sourceTree = "<group>"; };
		5AAC040522AE2F8600A6BA80 /* GojekContactsAppUITests.swift */ = {isa = PBXFileReference; lastKnownFileType = sourcecode.swift; path = GojekContactsAppUITests.swift; sourceTree = "<group>"; };
		5AAC040722AE355700A6BA80 /* PureLayout.framework */ = {isa = PBXFileReference; lastKnownFileType = wrapper.framework; name = PureLayout.framework; path = Carthage/Build/iOS/PureLayout.framework; sourceTree = "<group>"; };
		5AAC041022AEC2DD00A6BA80 /* GojekContactsApp-Bridging-Header.h */ = {isa = PBXFileReference; lastKnownFileType = sourcecode.c.h; path = "GojekContactsApp-Bridging-Header.h"; sourceTree = "<group>"; };
		AFA800DA22B1076200552DDC /* NavigationBarButtonItem.swift */ = {isa = PBXFileReference; fileEncoding = 4; lastKnownFileType = sourcecode.swift; path = NavigationBarButtonItem.swift; sourceTree = "<group>"; };
		B80AA45A1FC4619500286B80 /* HTTPManager.swift */ = {isa = PBXFileReference; lastKnownFileType = sourcecode.swift; path = HTTPManager.swift; sourceTree = "<group>"; };
		B80AA46E1FC4710100286B80 /* ContactManager.swift */ = {isa = PBXFileReference; lastKnownFileType = sourcecode.swift; path = ContactManager.swift; sourceTree = "<group>"; };
		B835F8B21FCA02D1005641B2 /* DSCameraHandler.swift */ = {isa = PBXFileReference; lastKnownFileType = sourcecode.swift; name = DSCameraHandler.swift; path = GojekContactsApp/DSCameraHandler.swift; sourceTree = "<group>"; };
		B835F8B41FCA10B9005641B2 /* ContactDetailsTableCellView.swift */ = {isa = PBXFileReference; lastKnownFileType = sourcecode.swift; path = ContactDetailsTableCellView.swift; sourceTree = "<group>"; };
		B835F8B81FCA10F6005641B2 /* ContactDetailsIconButton.swift */ = {isa = PBXFileReference; lastKnownFileType = sourcecode.swift; path = ContactDetailsIconButton.swift; sourceTree = "<group>"; };
		B835F8BA1FCA140A005641B2 /* DownloadContactsTest.swift */ = {isa = PBXFileReference; lastKnownFileType = sourcecode.swift; path = DownloadContactsTest.swift; sourceTree = "<group>"; };
		B835F8BC1FCB0F05005641B2 /* ContactDetailTest.swift */ = {isa = PBXFileReference; lastKnownFileType = sourcecode.swift; path = ContactDetailTest.swift; sourceTree = "<group>"; };
		B838D31E1FC4326000A7FCE9 /* GojekContactsApp.app */ = {isa = PBXFileReference; explicitFileType = wrapper.application; includeInIndex = 0; path = GojekContactsApp.app; sourceTree = BUILT_PRODUCTS_DIR; };
		B838D3211FC4326000A7FCE9 /* AppDelegate.swift */ = {isa = PBXFileReference; lastKnownFileType = sourcecode.swift; path = AppDelegate.swift; sourceTree = "<group>"; };
		B838D3231FC4326000A7FCE9 /* ViewController.swift */ = {isa = PBXFileReference; lastKnownFileType = sourcecode.swift; path = ViewController.swift; sourceTree = "<group>"; };
		B838D3261FC4326000A7FCE9 /* Base */ = {isa = PBXFileReference; lastKnownFileType = file.storyboard; name = Base; path = Base.lproj/Main.storyboard; sourceTree = "<group>"; };
		B838D3281FC4326000A7FCE9 /* Assets.xcassets */ = {isa = PBXFileReference; lastKnownFileType = folder.assetcatalog; path = Assets.xcassets; sourceTree = "<group>"; };
		B838D32B1FC4326000A7FCE9 /* Base */ = {isa = PBXFileReference; lastKnownFileType = file.storyboard; name = Base; path = Base.lproj/LaunchScreen.storyboard; sourceTree = "<group>"; };
		B838D32D1FC4326000A7FCE9 /* Info.plist */ = {isa = PBXFileReference; lastKnownFileType = text.plist.xml; path = Info.plist; sourceTree = "<group>"; };
		B838D3321FC4326000A7FCE9 /* GojekContactsAppTests.xctest */ = {isa = PBXFileReference; explicitFileType = wrapper.cfbundle; includeInIndex = 0; path = GojekContactsAppTests.xctest; sourceTree = BUILT_PRODUCTS_DIR; };
		B838D3381FC4326000A7FCE9 /* Info.plist */ = {isa = PBXFileReference; lastKnownFileType = text.plist.xml; path = Info.plist; sourceTree = "<group>"; };
		B838D33D1FC4326000A7FCE9 /* GojekContactsAppUITests.xctest */ = {isa = PBXFileReference; explicitFileType = wrapper.cfbundle; includeInIndex = 0; path = GojekContactsAppUITests.xctest; sourceTree = BUILT_PRODUCTS_DIR; };
		B838D3431FC4326000A7FCE9 /* Info.plist */ = {isa = PBXFileReference; lastKnownFileType = text.plist.xml; path = Info.plist; sourceTree = "<group>"; };
		B838D36E1FC4432B00A7FCE9 /* Contact.swift */ = {isa = PBXFileReference; lastKnownFileType = sourcecode.swift; path = Contact.swift; sourceTree = "<group>"; };
		B89FD29C1FC6CB590092D8B6 /* ContactDetailViewController.swift */ = {isa = PBXFileReference; lastKnownFileType = sourcecode.swift; path = ContactDetailViewController.swift; sourceTree = "<group>"; };
		B8D001931FC56DCC00D2516A /* ContactsViewController.swift */ = {isa = PBXFileReference; lastKnownFileType = sourcecode.swift; path = ContactsViewController.swift; sourceTree = "<group>"; };
		B8D001951FC5E7CA00D2516A /* ContactTableCellView.swift */ = {isa = PBXFileReference; lastKnownFileType = sourcecode.swift; path = ContactTableCellView.swift; sourceTree = "<group>"; };
/* End PBXFileReference section */

/* Begin PBXFrameworksBuildPhase section */
		B838D31B1FC4326000A7FCE9 /* Frameworks */ = {
			isa = PBXFrameworksBuildPhase;
			buildActionMask = 2147483647;
			files = (
				5AAC040222AE2B8F00A6BA80 /* Realm.framework in Frameworks */,
				5AAC040822AE355700A6BA80 /* PureLayout.framework in Frameworks */,
				5AAC040022AE2B8F00A6BA80 /* RealmSwift.framework in Frameworks */,
			);
			runOnlyForDeploymentPostprocessing = 0;
		};
		B838D32F1FC4326000A7FCE9 /* Frameworks */ = {
			isa = PBXFrameworksBuildPhase;
			buildActionMask = 2147483647;
			files = (
			);
			runOnlyForDeploymentPostprocessing = 0;
		};
		B838D33A1FC4326000A7FCE9 /* Frameworks */ = {
			isa = PBXFrameworksBuildPhase;
			buildActionMask = 2147483647;
			files = (
			);
			runOnlyForDeploymentPostprocessing = 0;
		};
/* End PBXFrameworksBuildPhase section */

/* Begin PBXGroup section */
		AFA800D922B1071200552DDC /* Views */ = {
			isa = PBXGroup;
			children = (
				AFA800DA22B1076200552DDC /* NavigationBarButtonItem.swift */,
			);
			path = Views;
			sourceTree = "<group>";
		};
		B80AA4591FC4616E00286B80 /* HTTP */ = {
			isa = PBXGroup;
			children = (
				B80AA45A1FC4619500286B80 /* HTTPManager.swift */,
			);
			path = HTTP;
			sourceTree = "<group>";
		};
		B838D3151FC4326000A7FCE9 = {
			isa = PBXGroup;
			children = (
				5AAC040722AE355700A6BA80 /* PureLayout.framework */,
				5AAC03FF22AE2B8F00A6BA80 /* Realm.framework */,
				5AAC03FE22AE2B8F00A6BA80 /* RealmSwift.framework */,
				B838D3201FC4326000A7FCE9 /* GojekContactsApp */,
				B838D3351FC4326000A7FCE9 /* GojekContactsAppTests */,
				B838D3401FC4326000A7FCE9 /* GojekContactsAppUITests */,
				B838D31F1FC4326000A7FCE9 /* Products */,
				B838D34F1FC4377300A7FCE9 /* Frameworks */,
			);
			sourceTree = "<group>";
		};
		B838D31F1FC4326000A7FCE9 /* Products */ = {
			isa = PBXGroup;
			children = (
				B838D31E1FC4326000A7FCE9 /* GojekContactsApp.app */,
				B838D3321FC4326000A7FCE9 /* GojekContactsAppTests.xctest */,
				B838D33D1FC4326000A7FCE9 /* GojekContactsAppUITests.xctest */,
			);
			name = Products;
			sourceTree = "<group>";
		};
		B838D3201FC4326000A7FCE9 /* GojekContactsApp */ = {
			isa = PBXGroup;
			children = (
				AFA800D922B1071200552DDC /* Views */,
				B80AA4591FC4616E00286B80 /* HTTP */,
				B838D36D1FC4416100A7FCE9 /* Realm */,
				B8D001921FC56DAA00D2516A /* Contacts */,
				B838D3211FC4326000A7FCE9 /* AppDelegate.swift */,
				B838D3231FC4326000A7FCE9 /* ViewController.swift */,
				B838D3251FC4326000A7FCE9 /* Main.storyboard */,
				B838D3281FC4326000A7FCE9 /* Assets.xcassets */,
				B838D32A1FC4326000A7FCE9 /* LaunchScreen.storyboard */,
				B838D32D1FC4326000A7FCE9 /* Info.plist */,
				5AAC041022AEC2DD00A6BA80 /* GojekContactsApp-Bridging-Header.h */,
			);
			path = GojekContactsApp;
			sourceTree = "<group>";
		};
		B838D3351FC4326000A7FCE9 /* GojekContactsAppTests */ = {
			isa = PBXGroup;
			children = (
				B835F8BC1FCB0F05005641B2 /* ContactDetailTest.swift */,
				B835F8BA1FCA140A005641B2 /* DownloadContactsTest.swift */,
				B838D3381FC4326000A7FCE9 /* Info.plist */,
			);
			path = GojekContactsAppTests;
			sourceTree = "<group>";
		};
		B838D3401FC4326000A7FCE9 /* GojekContactsAppUITests */ = {
			isa = PBXGroup;
			children = (
				B838D3431FC4326000A7FCE9 /* Info.plist */,
				5AAC040522AE2F8600A6BA80 /* GojekContactsAppUITests.swift */,
			);
			path = GojekContactsAppUITests;
			sourceTree = "<group>";
		};
		B838D34F1FC4377300A7FCE9 /* Frameworks */ = {
			isa = PBXGroup;
			children = (
				B835F8B21FCA02D1005641B2 /* DSCameraHandler.swift */,
			);
			name = Frameworks;
			sourceTree = "<group>";
		};
		B838D36D1FC4416100A7FCE9 /* Realm */ = {
			isa = PBXGroup;
			children = (
				B80AA46E1FC4710100286B80 /* ContactManager.swift */,
				B838D36E1FC4432B00A7FCE9 /* Contact.swift */,
			);
			path = Realm;
			sourceTree = "<group>";
		};
		B8D001921FC56DAA00D2516A /* Contacts */ = {
			isa = PBXGroup;
			children = (
				B835F8B81FCA10F6005641B2 /* ContactDetailsIconButton.swift */,
				B8D001931FC56DCC00D2516A /* ContactsViewController.swift */,
				B8D001951FC5E7CA00D2516A /* ContactTableCellView.swift */,
				B89FD29C1FC6CB590092D8B6 /* ContactDetailViewController.swift */,
				B835F8B41FCA10B9005641B2 /* ContactDetailsTableCellView.swift */,
			);
			name = Contacts;
			sourceTree = "<group>";
		};
/* End PBXGroup section */

/* Begin PBXNativeTarget section */
		B838D31D1FC4326000A7FCE9 /* GojekContactsApp */ = {
			isa = PBXNativeTarget;
			buildConfigurationList = B838D3461FC4326000A7FCE9 /* Build configuration list for PBXNativeTarget "GojekContactsApp" */;
			buildPhases = (
				B838D31A1FC4326000A7FCE9 /* Sources */,
				B838D31B1FC4326000A7FCE9 /* Frameworks */,
				B838D31C1FC4326000A7FCE9 /* Resources */,
				B838D35C1FC4397300A7FCE9 /* ShellScript */,
				5AAC040422AE2B8F00A6BA80 /* Embed Frameworks */,
			);
			buildRules = (
			);
			dependencies = (
			);
			name = GojekContactsApp;
			productName = GojekContactsApp;
			productReference = B838D31E1FC4326000A7FCE9 /* GojekContactsApp.app */;
			productType = "com.apple.product-type.application";
		};
		B838D3311FC4326000A7FCE9 /* GojekContactsAppTests */ = {
			isa = PBXNativeTarget;
			buildConfigurationList = B838D3491FC4326000A7FCE9 /* Build configuration list for PBXNativeTarget "GojekContactsAppTests" */;
			buildPhases = (
				B838D32E1FC4326000A7FCE9 /* Sources */,
				B838D32F1FC4326000A7FCE9 /* Frameworks */,
				B838D3301FC4326000A7FCE9 /* Resources */,
			);
			buildRules = (
			);
			dependencies = (
				B838D3341FC4326000A7FCE9 /* PBXTargetDependency */,
			);
			name = GojekContactsAppTests;
			productName = GojekContactsAppTests;
			productReference = B838D3321FC4326000A7FCE9 /* GojekContactsAppTests.xctest */;
			productType = "com.apple.product-type.bundle.unit-test";
		};
		B838D33C1FC4326000A7FCE9 /* GojekContactsAppUITests */ = {
			isa = PBXNativeTarget;
			buildConfigurationList = B838D34C1FC4326000A7FCE9 /* Build configuration list for PBXNativeTarget "GojekContactsAppUITests" */;
			buildPhases = (
				B838D3391FC4326000A7FCE9 /* Sources */,
				B838D33A1FC4326000A7FCE9 /* Frameworks */,
				B838D33B1FC4326000A7FCE9 /* Resources */,
			);
			buildRules = (
			);
			dependencies = (
				B838D33F1FC4326000A7FCE9 /* PBXTargetDependency */,
			);
			name = GojekContactsAppUITests;
			productName = GojekContactsAppUITests;
			productReference = B838D33D1FC4326000A7FCE9 /* GojekContactsAppUITests.xctest */;
			productType = "com.apple.product-type.bundle.ui-testing";
		};
/* End PBXNativeTarget section */

/* Begin PBXProject section */
		B838D3161FC4326000A7FCE9 /* Project object */ = {
			isa = PBXProject;
			attributes = {
				LastSwiftUpdateCheck = 0910;
				LastUpgradeCheck = 1020;
				ORGANIZATIONNAME = "Nishant Sharma";
				TargetAttributes = {
					B838D31D1FC4326000A7FCE9 = {
						CreatedOnToolsVersion = 9.1;
						ProvisioningStyle = Automatic;
					};
					B838D3311FC4326000A7FCE9 = {
						CreatedOnToolsVersion = 9.1;
						ProvisioningStyle = Automatic;
						TestTargetID = B838D31D1FC4326000A7FCE9;
					};
					B838D33C1FC4326000A7FCE9 = {
						CreatedOnToolsVersion = 9.1;
						LastSwiftMigration = 0910;
						ProvisioningStyle = Automatic;
						TestTargetID = B838D31D1FC4326000A7FCE9;
					};
				};
			};
			buildConfigurationList = B838D3191FC4326000A7FCE9 /* Build configuration list for PBXProject "GojekContactsApp" */;
			compatibilityVersion = "Xcode 8.0";
			developmentRegion = en;
			hasScannedForEncodings = 0;
			knownRegions = (
				en,
				Base,
			);
			mainGroup = B838D3151FC4326000A7FCE9;
			productRefGroup = B838D31F1FC4326000A7FCE9 /* Products */;
			projectDirPath = "";
			projectRoot = "";
			targets = (
				B838D31D1FC4326000A7FCE9 /* GojekContactsApp */,
				B838D3311FC4326000A7FCE9 /* GojekContactsAppTests */,
				B838D33C1FC4326000A7FCE9 /* GojekContactsAppUITests */,
			);
		};
/* End PBXProject section */

/* Begin PBXResourcesBuildPhase section */
		B838D31C1FC4326000A7FCE9 /* Resources */ = {
			isa = PBXResourcesBuildPhase;
			buildActionMask = 2147483647;
			files = (
				B838D32C1FC4326000A7FCE9 /* LaunchScreen.storyboard in Resources */,
				B838D3291FC4326000A7FCE9 /* Assets.xcassets in Resources */,
				B838D3271FC4326000A7FCE9 /* Main.storyboard in Resources */,
			);
			runOnlyForDeploymentPostprocessing = 0;
		};
		B838D3301FC4326000A7FCE9 /* Resources */ = {
			isa = PBXResourcesBuildPhase;
			buildActionMask = 2147483647;
			files = (
			);
			runOnlyForDeploymentPostprocessing = 0;
		};
		B838D33B1FC4326000A7FCE9 /* Resources */ = {
			isa = PBXResourcesBuildPhase;
			buildActionMask = 2147483647;
			files = (
			);
			runOnlyForDeploymentPostprocessing = 0;
		};
/* End PBXResourcesBuildPhase section */

/* Begin PBXShellScriptBuildPhase section */
		B838D35C1FC4397300A7FCE9 /* ShellScript */ = {
			isa = PBXShellScriptBuildPhase;
			buildActionMask = 2147483647;
			files = (
			);
			inputPaths = (
			);
			outputPaths = (
			);
			runOnlyForDeploymentPostprocessing = 0;
			shellPath = /bin/sh;
			shellScript = "# Type a script or drag a script file from your workspace to insert its path.\n";
		};
/* End PBXShellScriptBuildPhase section */

/* Begin PBXSourcesBuildPhase section */
		B838D31A1FC4326000A7FCE9 /* Sources */ = {
			isa = PBXSourcesBuildPhase;
			buildActionMask = 2147483647;
			files = (
				B838D36F1FC4432B00A7FCE9 /* Contact.swift in Sources */,
				B835F8B51FCA10B9005641B2 /* ContactDetailsTableCellView.swift in Sources */,
				B838D3241FC4326000A7FCE9 /* ViewController.swift in Sources */,
				B835F8B31FCA02D1005641B2 /* DSCameraHandler.swift in Sources */,
				B835F8B91FCA10F6005641B2 /* ContactDetailsIconButton.swift in Sources */,
				B80AA45B1FC4619500286B80 /* HTTPManager.swift in Sources */,
				B8D001941FC56DCC00D2516A /* ContactsViewController.swift in Sources */,
				B8D001961FC5E7CA00D2516A /* ContactTableCellView.swift in Sources */,
				AFA800DB22B1076200552DDC /* NavigationBarButtonItem.swift in Sources */,
				B838D3221FC4326000A7FCE9 /* AppDelegate.swift in Sources */,
				B89FD29D1FC6CB590092D8B6 /* ContactDetailViewController.swift in Sources */,
				B80AA46F1FC4710100286B80 /* ContactManager.swift in Sources */,
			);
			runOnlyForDeploymentPostprocessing = 0;
		};
		B838D32E1FC4326000A7FCE9 /* Sources */ = {
			isa = PBXSourcesBuildPhase;
			buildActionMask = 2147483647;
			files = (
				B835F8BB1FCA140A005641B2 /* DownloadContactsTest.swift in Sources */,
				B835F8BD1FCB0F05005641B2 /* ContactDetailTest.swift in Sources */,
			);
			runOnlyForDeploymentPostprocessing = 0;
		};
		B838D3391FC4326000A7FCE9 /* Sources */ = {
			isa = PBXSourcesBuildPhase;
			buildActionMask = 2147483647;
			files = (
				5AAC040622AE2F8600A6BA80 /* GojekContactsAppUITests.swift in Sources */,
			);
			runOnlyForDeploymentPostprocessing = 0;
		};
/* End PBXSourcesBuildPhase section */

/* Begin PBXTargetDependency section */
		B838D3341FC4326000A7FCE9 /* PBXTargetDependency */ = {
			isa = PBXTargetDependency;
			target = B838D31D1FC4326000A7FCE9 /* GojekContactsApp */;
			targetProxy = B838D3331FC4326000A7FCE9 /* PBXContainerItemProxy */;
		};
		B838D33F1FC4326000A7FCE9 /* PBXTargetDependency */ = {
			isa = PBXTargetDependency;
			target = B838D31D1FC4326000A7FCE9 /* GojekContactsApp */;
			targetProxy = B838D33E1FC4326000A7FCE9 /* PBXContainerItemProxy */;
		};
/* End PBXTargetDependency section */

/* Begin PBXVariantGroup section */
		B838D3251FC4326000A7FCE9 /* Main.storyboard */ = {
			isa = PBXVariantGroup;
			children = (
				B838D3261FC4326000A7FCE9 /* Base */,
			);
			name = Main.storyboard;
			sourceTree = "<group>";
		};
		B838D32A1FC4326000A7FCE9 /* LaunchScreen.storyboard */ = {
			isa = PBXVariantGroup;
			children = (
				B838D32B1FC4326000A7FCE9 /* Base */,
			);
			name = LaunchScreen.storyboard;
			sourceTree = "<group>";
		};
/* End PBXVariantGroup section */

/* Begin XCBuildConfiguration section */
		B838D3441FC4326000A7FCE9 /* Debug */ = {
			isa = XCBuildConfiguration;
			buildSettings = {
				ALWAYS_SEARCH_USER_PATHS = NO;
				CLANG_ANALYZER_NONNULL = YES;
				CLANG_ANALYZER_NUMBER_OBJECT_CONVERSION = YES_AGGRESSIVE;
				CLANG_CXX_LANGUAGE_STANDARD = "gnu++14";
				CLANG_CXX_LIBRARY = "libc++";
				CLANG_ENABLE_MODULES = YES;
				CLANG_ENABLE_OBJC_ARC = YES;
				CLANG_WARN_BLOCK_CAPTURE_AUTORELEASING = YES;
				CLANG_WARN_BOOL_CONVERSION = YES;
				CLANG_WARN_COMMA = YES;
				CLANG_WARN_CONSTANT_CONVERSION = YES;
				CLANG_WARN_DEPRECATED_OBJC_IMPLEMENTATIONS = YES;
				CLANG_WARN_DIRECT_OBJC_ISA_USAGE = YES_ERROR;
				CLANG_WARN_DOCUMENTATION_COMMENTS = YES;
				CLANG_WARN_EMPTY_BODY = YES;
				CLANG_WARN_ENUM_CONVERSION = YES;
				CLANG_WARN_INFINITE_RECURSION = YES;
				CLANG_WARN_INT_CONVERSION = YES;
				CLANG_WARN_NON_LITERAL_NULL_CONVERSION = YES;
				CLANG_WARN_OBJC_IMPLICIT_RETAIN_SELF = YES;
				CLANG_WARN_OBJC_LITERAL_CONVERSION = YES;
				CLANG_WARN_OBJC_ROOT_CLASS = YES_ERROR;
				CLANG_WARN_RANGE_LOOP_ANALYSIS = YES;
				CLANG_WARN_STRICT_PROTOTYPES = YES;
				CLANG_WARN_SUSPICIOUS_MOVE = YES;
				CLANG_WARN_UNGUARDED_AVAILABILITY = YES_AGGRESSIVE;
				CLANG_WARN_UNREACHABLE_CODE = YES;
				CLANG_WARN__DUPLICATE_METHOD_MATCH = YES;
				CODE_SIGN_IDENTITY = "iPhone Developer";
				COPY_PHASE_STRIP = NO;
				DEBUG_INFORMATION_FORMAT = dwarf;
				ENABLE_STRICT_OBJC_MSGSEND = YES;
				ENABLE_TESTABILITY = YES;
				GCC_C_LANGUAGE_STANDARD = gnu11;
				GCC_DYNAMIC_NO_PIC = NO;
				GCC_NO_COMMON_BLOCKS = YES;
				GCC_OPTIMIZATION_LEVEL = 0;
				GCC_PREPROCESSOR_DEFINITIONS = (
					"DEBUG=1",
					"$(inherited)",
				);
				GCC_WARN_64_TO_32_BIT_CONVERSION = YES;
				GCC_WARN_ABOUT_RETURN_TYPE = YES_ERROR;
				GCC_WARN_UNDECLARED_SELECTOR = YES;
				GCC_WARN_UNINITIALIZED_AUTOS = YES_AGGRESSIVE;
				GCC_WARN_UNUSED_FUNCTION = YES;
				GCC_WARN_UNUSED_VARIABLE = YES;
				IPHONEOS_DEPLOYMENT_TARGET = 11.1;
				MTL_ENABLE_DEBUG_INFO = YES;
				ONLY_ACTIVE_ARCH = YES;
				SDKROOT = iphoneos;
				SWIFT_ACTIVE_COMPILATION_CONDITIONS = DEBUG;
				SWIFT_OPTIMIZATION_LEVEL = "-Onone";
			};
			name = Debug;
		};
		B838D3451FC4326000A7FCE9 /* Release */ = {
			isa = XCBuildConfiguration;
			buildSettings = {
				ALWAYS_SEARCH_USER_PATHS = NO;
				CLANG_ANALYZER_NONNULL = YES;
				CLANG_ANALYZER_NUMBER_OBJECT_CONVERSION = YES_AGGRESSIVE;
				CLANG_CXX_LANGUAGE_STANDARD = "gnu++14";
				CLANG_CXX_LIBRARY = "libc++";
				CLANG_ENABLE_MODULES = YES;
				CLANG_ENABLE_OBJC_ARC = YES;
				CLANG_WARN_BLOCK_CAPTURE_AUTORELEASING = YES;
				CLANG_WARN_BOOL_CONVERSION = YES;
				CLANG_WARN_COMMA = YES;
				CLANG_WARN_CONSTANT_CONVERSION = YES;
				CLANG_WARN_DEPRECATED_OBJC_IMPLEMENTATIONS = YES;
				CLANG_WARN_DIRECT_OBJC_ISA_USAGE = YES_ERROR;
				CLANG_WARN_DOCUMENTATION_COMMENTS = YES;
				CLANG_WARN_EMPTY_BODY = YES;
				CLANG_WARN_ENUM_CONVERSION = YES;
				CLANG_WARN_INFINITE_RECURSION = YES;
				CLANG_WARN_INT_CONVERSION = YES;
				CLANG_WARN_NON_LITERAL_NULL_CONVERSION = YES;
				CLANG_WARN_OBJC_IMPLICIT_RETAIN_SELF = YES;
				CLANG_WARN_OBJC_LITERAL_CONVERSION = YES;
				CLANG_WARN_OBJC_ROOT_CLASS = YES_ERROR;
				CLANG_WARN_RANGE_LOOP_ANALYSIS = YES;
				CLANG_WARN_STRICT_PROTOTYPES = YES;
				CLANG_WARN_SUSPICIOUS_MOVE = YES;
				CLANG_WARN_UNGUARDED_AVAILABILITY = YES_AGGRESSIVE;
				CLANG_WARN_UNREACHABLE_CODE = YES;
				CLANG_WARN__DUPLICATE_METHOD_MATCH = YES;
				CODE_SIGN_IDENTITY = "iPhone Developer";
				COPY_PHASE_STRIP = NO;
				DEBUG_INFORMATION_FORMAT = "dwarf-with-dsym";
				ENABLE_NS_ASSERTIONS = NO;
				ENABLE_STRICT_OBJC_MSGSEND = YES;
				GCC_C_LANGUAGE_STANDARD = gnu11;
				GCC_NO_COMMON_BLOCKS = YES;
				GCC_WARN_64_TO_32_BIT_CONVERSION = YES;
				GCC_WARN_ABOUT_RETURN_TYPE = YES_ERROR;
				GCC_WARN_UNDECLARED_SELECTOR = YES;
				GCC_WARN_UNINITIALIZED_AUTOS = YES_AGGRESSIVE;
				GCC_WARN_UNUSED_FUNCTION = YES;
				GCC_WARN_UNUSED_VARIABLE = YES;
				IPHONEOS_DEPLOYMENT_TARGET = 11.1;
				MTL_ENABLE_DEBUG_INFO = NO;
				SDKROOT = iphoneos;
				SWIFT_OPTIMIZATION_LEVEL = "-Owholemodule";
				VALIDATE_PRODUCT = YES;
			};
			name = Release;
		};
		B838D3471FC4326000A7FCE9 /* Debug */ = {
			isa = XCBuildConfiguration;
			buildSettings = {
				ASSETCATALOG_COMPILER_APPICON_NAME = AppIcon;
				CODE_SIGN_STYLE = Automatic;
				DEVELOPMENT_TEAM = 3MB236BUTU;
				FRAMEWORK_SEARCH_PATHS = (
					"$(inherited)",
					"$(PROJECT_DIR)/GojekContactsApp",
					"$(PROJECT_DIR)",
					"$(PROJECT_DIR)/Carthage/Build/iOS",
				);
				INFOPLIST_FILE = GojekContactsApp/Info.plist;
				LD_RUNPATH_SEARCH_PATHS = "$(inherited) @executable_path/Frameworks";
				PRODUCT_BUNDLE_IDENTIFIER = hansarijanto.GojekContactsApp;
				PRODUCT_NAME = "$(TARGET_NAME)";
				SWIFT_OBJC_BRIDGING_HEADER = "$(PROJECT_DIR)/GojekContactsApp/GojekContactsApp-Bridging-Header.h";
				SWIFT_VERSION = 5.0;
				TARGETED_DEVICE_FAMILY = "1,2";
			};
			name = Debug;
		};
		B838D3481FC4326000A7FCE9 /* Release */ = {
			isa = XCBuildConfiguration;
			buildSettings = {
				ASSETCATALOG_COMPILER_APPICON_NAME = AppIcon;
				CODE_SIGN_STYLE = Automatic;
				DEVELOPMENT_TEAM = 3MB236BUTU;
				FRAMEWORK_SEARCH_PATHS = (
					"$(inherited)",
					"$(PROJECT_DIR)/GojekContactsApp",
					"$(PROJECT_DIR)",
					"$(PROJECT_DIR)/Carthage/Build/iOS",
				);
				INFOPLIST_FILE = GojekContactsApp/Info.plist;
				LD_RUNPATH_SEARCH_PATHS = "$(inherited) @executable_path/Frameworks";
				PRODUCT_BUNDLE_IDENTIFIER = hansarijanto.GojekContactsApp;
				PRODUCT_NAME = "$(TARGET_NAME)";
				SWIFT_OBJC_BRIDGING_HEADER = "$(PROJECT_DIR)/GojekContactsApp/GojekContactsApp-Bridging-Header.h";
				SWIFT_VERSION = 5.0;
				TARGETED_DEVICE_FAMILY = "1,2";
			};
			name = Release;
		};
		B838D34A1FC4326000A7FCE9 /* Debug */ = {
			isa = XCBuildConfiguration;
			buildSettings = {
				ALWAYS_EMBED_SWIFT_STANDARD_LIBRARIES = YES;
				BUNDLE_LOADER = "$(TEST_HOST)";
				CODE_SIGN_STYLE = Automatic;
				DEVELOPMENT_TEAM = 3MB236BUTU;
				FRAMEWORK_SEARCH_PATHS = (
					"$(inherited)",
					"$(PROJECT_DIR)/GojekContactsApp",
					"$(PROJECT_DIR)",
				);
				INFOPLIST_FILE = GojekContactsAppTests/Info.plist;
				LD_RUNPATH_SEARCH_PATHS = "$(inherited) @executable_path/Frameworks @loader_path/Frameworks";
				PRODUCT_BUNDLE_IDENTIFIER = hansarijanto.GojekContactsAppTests;
				PRODUCT_NAME = "$(TARGET_NAME)";
				SWIFT_VERSION = 5.0;
				TARGETED_DEVICE_FAMILY = "1,2";
				TEST_HOST = "$(BUILT_PRODUCTS_DIR)/GojekContactsApp.app/GojekContactsApp";
			};
			name = Debug;
		};
		B838D34B1FC4326000A7FCE9 /* Release */ = {
			isa = XCBuildConfiguration;
			buildSettings = {
				ALWAYS_EMBED_SWIFT_STANDARD_LIBRARIES = YES;
				BUNDLE_LOADER = "$(TEST_HOST)";
				CODE_SIGN_STYLE = Automatic;
				DEVELOPMENT_TEAM = 3MB236BUTU;
				FRAMEWORK_SEARCH_PATHS = (
					"$(inherited)",
					"$(PROJECT_DIR)/GojekContactsApp",
					"$(PROJECT_DIR)",
				);
				INFOPLIST_FILE = GojekContactsAppTests/Info.plist;
				LD_RUNPATH_SEARCH_PATHS = "$(inherited) @executable_path/Frameworks @loader_path/Frameworks";
				PRODUCT_BUNDLE_IDENTIFIER = hansarijanto.GojekContactsAppTests;
				PRODUCT_NAME = "$(TARGET_NAME)";
				SWIFT_VERSION = 5.0;
				TARGETED_DEVICE_FAMILY = "1,2";
				TEST_HOST = "$(BUILT_PRODUCTS_DIR)/GojekContactsApp.app/GojekContactsApp";
			};
			name = Release;
		};
		B838D34D1FC4326000A7FCE9 /* Debug */ = {
			isa = XCBuildConfiguration;
			buildSettings = {
				ALWAYS_EMBED_SWIFT_STANDARD_LIBRARIES = YES;
				CLANG_ENABLE_MODULES = YES;
				CODE_SIGN_STYLE = Automatic;
				DEVELOPMENT_TEAM = 3MB236BUTU;
				FRAMEWORK_SEARCH_PATHS = (
					"$(inherited)",
					"$(PROJECT_DIR)/GojekContactsApp",
					"$(PROJECT_DIR)",
				);
				INFOPLIST_FILE = GojekContactsAppUITests/Info.plist;
				LD_RUNPATH_SEARCH_PATHS = "$(inherited) @executable_path/Frameworks @loader_path/Frameworks";
				PRODUCT_BUNDLE_IDENTIFIER = hansarijanto.GojekContactsAppUITests;
				PRODUCT_NAME = "$(TARGET_NAME)";
				SWIFT_OBJC_BRIDGING_HEADER = "";
				SWIFT_OPTIMIZATION_LEVEL = "-Onone";
				SWIFT_VERSION = 5.0;
				TARGETED_DEVICE_FAMILY = "1,2";
				TEST_TARGET_NAME = GojekContactsApp;
			};
			name = Debug;
		};
		B838D34E1FC4326000A7FCE9 /* Release */ = {
			isa = XCBuildConfiguration;
			buildSettings = {
				ALWAYS_EMBED_SWIFT_STANDARD_LIBRARIES = YES;
				CLANG_ENABLE_MODULES = YES;
				CODE_SIGN_STYLE = Automatic;
				DEVELOPMENT_TEAM = 3MB236BUTU;
				FRAMEWORK_SEARCH_PATHS = (
					"$(inherited)",
					"$(PROJECT_DIR)/GojekContactsApp",
					"$(PROJECT_DIR)",
				);
				INFOPLIST_FILE = GojekContactsAppUITests/Info.plist;
				LD_RUNPATH_SEARCH_PATHS = "$(inherited) @executable_path/Frameworks @loader_path/Frameworks";
				PRODUCT_BUNDLE_IDENTIFIER = hansarijanto.GojekContactsAppUITests;
				PRODUCT_NAME = "$(TARGET_NAME)";
				SWIFT_OBJC_BRIDGING_HEADER = "";
				SWIFT_VERSION = 5.0;
				TARGETED_DEVICE_FAMILY = "1,2";
				TEST_TARGET_NAME = GojekContactsApp;
			};
			name = Release;
		};
/* End XCBuildConfiguration section */

/* Begin XCConfigurationList section */
		B838D3191FC4326000A7FCE9 /* Build configuration list for PBXProject "GojekContactsApp" */ = {
			isa = XCConfigurationList;
			buildConfigurations = (
				B838D3441FC4326000A7FCE9 /* Debug */,
				B838D3451FC4326000A7FCE9 /* Release */,
			);
			defaultConfigurationIsVisible = 0;
			defaultConfigurationName = Release;
		};
		B838D3461FC4326000A7FCE9 /* Build configuration list for PBXNativeTarget "GojekContactsApp" */ = {
			isa = XCConfigurationList;
			buildConfigurations = (
				B838D3471FC4326000A7FCE9 /* Debug */,
				B838D3481FC4326000A7FCE9 /* Release */,
			);
			defaultConfigurationIsVisible = 0;
			defaultConfigurationName = Release;
		};
		B838D3491FC4326000A7FCE9 /* Build configuration list for PBXNativeTarget "GojekContactsAppTests" */ = {
			isa = XCConfigurationList;
			buildConfigurations = (
				B838D34A1FC4326000A7FCE9 /* Debug */,
				B838D34B1FC4326000A7FCE9 /* Release */,
			);
			defaultConfigurationIsVisible = 0;
			defaultConfigurationName = Release;
		};
		B838D34C1FC4326000A7FCE9 /* Build configuration list for PBXNativeTarget "GojekContactsAppUITests" */ = {
			isa = XCConfigurationList;
			buildConfigurations = (
				B838D34D1FC4326000A7FCE9 /* Debug */,
				B838D34E1FC4326000A7FCE9 /* Release */,
			);
			defaultConfigurationIsVisible = 0;
			defaultConfigurationName = Release;
		};
/* End XCConfigurationList section */
	};
	rootObject = B838D3161FC4326000A7FCE9 /* Project object */;
}
